<?xml version="1.0" encoding="utf-8"?>
<Project ToolsVersion="4.0" xmlns="http://schemas.microsoft.com/developer/msbuild/2003">
  <ItemGroup>
    <Filter Include="ソース ファイル">
      <UniqueIdentifier>{4FC737F1-C7A5-4376-A066-2A32D752A2FF}</UniqueIdentifier>
      <Extensions>cpp;c;cc;cxx;c++;cppm;ixx;def;odl;idl;hpj;bat;asm;asmx</Extensions>
    </Filter>
    <Filter Include="ヘッダー ファイル">
      <UniqueIdentifier>{93995380-89BD-4b04-88EB-625FBE52EBFB}</UniqueIdentifier>
      <Extensions>h;hh;hpp;hxx;h++;hm;inl;inc;ipp;xsd</Extensions>
    </Filter>
    <Filter Include="リソース ファイル">
      <UniqueIdentifier>{67DA6AB6-F800-4c08-8B7A-83BB121AAD01}</UniqueIdentifier>
      <Extensions>rc;ico;cur;bmp;dlg;rc2;rct;bin;rgs;gif;jpg;jpeg;jpe;resx;tiff;tif;png;wav;mfcribbon-ms</Extensions>
    </Filter>
    <Filter Include="Player">
      <UniqueIdentifier>{378ecf85-0925-467d-b040-b1e3515c239b}</UniqueIdentifier>
    </Filter>
    <Filter Include="Lib">
      <UniqueIdentifier>{1e507a3d-6a8f-4d20-814b-d876b1adef91}</UniqueIdentifier>
    </Filter>
    <Filter Include="Scene">
      <UniqueIdentifier>{090a7119-3e18-43fd-ae9b-1126ec4dcc32}</UniqueIdentifier>
    </Filter>
    <Filter Include="Map">
      <UniqueIdentifier>{150a1316-1fdb-4304-ab5b-d76d5a8cc3df}</UniqueIdentifier>
    </Filter>
    <Filter Include="Camera">
      <UniqueIdentifier>{e676e2cc-99d9-4a00-a374-8628a45f4c2a}</UniqueIdentifier>
    </Filter>
    <Filter Include="Actor">
      <UniqueIdentifier>{55aceaba-4b28-46ad-937d-99610efa1288}</UniqueIdentifier>
    </Filter>
    <Filter Include="Enemy">
      <UniqueIdentifier>{0bb48c9c-0265-45c6-bcc0-5451c689c2b6}</UniqueIdentifier>
    </Filter>
    <Filter Include="Main">
      <UniqueIdentifier>{0bf21ef5-642a-4bf1-b819-52673c78dbfd}</UniqueIdentifier>
    </Filter>
    <Filter Include="Manager">
      <UniqueIdentifier>{9c3f7bca-470d-4f83-a042-838bf94b6c3a}</UniqueIdentifier>
    </Filter>
    <Filter Include="Bullet">
      <UniqueIdentifier>{173090da-b1e4-481a-905e-0654045f35cf}</UniqueIdentifier>
    </Filter>
    <Filter Include="Fps">
      <UniqueIdentifier>{22219a5d-c5ad-445c-8738-4c36bb4cb857}</UniqueIdentifier>
    </Filter>
    <Filter Include="Item">
      <UniqueIdentifier>{6e3509d7-4a32-4dff-bd31-f0424c66f268}</UniqueIdentifier>
    </Filter>
    <Filter Include="ActorMove">
      <UniqueIdentifier>{7b467ba3-abfa-4e2b-bbad-f2f293ebce96}</UniqueIdentifier>
    </Filter>
    <Filter Include="BackGround">
      <UniqueIdentifier>{faf5dde1-b7cf-47b0-acee-b439c1ab2239}</UniqueIdentifier>
    </Filter>
    <Filter Include="Event">
      <UniqueIdentifier>{2a034a41-9194-4491-8d98-67e0069530e7}</UniqueIdentifier>
    </Filter>
  </ItemGroup>
  <ItemGroup>
    <ClInclude Include="include\Player.h">
      <Filter>Player</Filter>
    </ClInclude>
    <ClInclude Include="include\Actor.h">
      <Filter>Actor</Filter>
    </ClInclude>
    <ClInclude Include="include\Enemy.h">
      <Filter>Enemy</Filter>
    </ClInclude>
    <ClInclude Include="include\Map.h">
      <Filter>Map</Filter>
    </ClInclude>
    <ClInclude Include="include\Lib.h">
      <Filter>Lib</Filter>
    </ClInclude>
    <ClInclude Include="include\WindowInfo.h">
      <Filter>Lib</Filter>
    </ClInclude>
    <ClInclude Include="include\Camera.h">
      <Filter>Camera</Filter>
    </ClInclude>
    <ClInclude Include="include\Scene.h">
      <Filter>Scene</Filter>
    </ClInclude>
    <ClInclude Include="include\Game.h">
      <Filter>Scene</Filter>
    </ClInclude>
    <ClInclude Include="include\Main.h">
      <Filter>Main</Filter>
    </ClInclude>
    <ClInclude Include="include\EnemyManager.h">
      <Filter>Manager</Filter>
    </ClInclude>
    <ClInclude Include="include\Fps.h">
      <Filter>Fps</Filter>
    </ClInclude>
    <ClInclude Include="include\Bullet.h">
      <Filter>Bullet</Filter>
    </ClInclude>
    <ClInclude Include="include\TextureManager.h">
      <Filter>Manager</Filter>
    </ClInclude>
    <ClInclude Include="include\BulletManager.h">
      <Filter>Manager</Filter>
    </ClInclude>
    <ClInclude Include="include\Parameter.h">
      <Filter>Actor</Filter>
    </ClInclude>
    <ClInclude Include="include\Item.h">
      <Filter>Item</Filter>
    </ClInclude>
    <ClInclude Include="include\ItemManager.h">
      <Filter>Manager</Filter>
    </ClInclude>
    <ClInclude Include="ActorMove.h">
      <Filter>ActorMove</Filter>
    </ClInclude>
    <ClInclude Include="PlayerMove.h">
      <Filter>Player</Filter>
    </ClInclude>
    <ClInclude Include="include\SelectScene.h">
      <Filter>Scene</Filter>
    </ClInclude>
    <ClInclude Include="include\TitleScene.h">
      <Filter>Scene</Filter>
    </ClInclude>
    <ClInclude Include="include\SceneManager.h">
      <Filter>Scene</Filter>
    </ClInclude>
    <ClInclude Include="include\GameScene.h">
      <Filter>Scene</Filter>
    </ClInclude>
    <ClInclude Include="include\BackGround.h">
      <Filter>BackGround</Filter>
    </ClInclude>
    <ClInclude Include="include\EventObject.h">
      <Filter>Event</Filter>
    </ClInclude>
    <ClInclude Include="include\ShotEnemy.h">
      <Filter>Enemy</Filter>
    </ClInclude>
    <ClInclude Include="include\WalkEnemy.h">
      <Filter>Enemy</Filter>
    </ClInclude>
  </ItemGroup>
  <ItemGroup>
    <ClCompile Include="src\Player.cpp">
      <Filter>Player</Filter>
    </ClCompile>
    <ClCompile Include="src\Actor.cpp">
      <Filter>Actor</Filter>
    </ClCompile>
    <ClCompile Include="src\Enemy.cpp">
      <Filter>Enemy</Filter>
    </ClCompile>
    <ClCompile Include="src\Map.cpp">
      <Filter>Map</Filter>
    </ClCompile>
    <ClCompile Include="src\Camera.cpp">
      <Filter>Camera</Filter>
    </ClCompile>
    <ClCompile Include="src\Game.cpp">
      <Filter>Scene</Filter>
    </ClCompile>
    <ClCompile Include="src\main.cpp">
      <Filter>Main</Filter>
    </ClCompile>
    <ClCompile Include="src\EnemyManager.cpp">
      <Filter>Manager</Filter>
    </ClCompile>
    <ClCompile Include="src\TextureManager.cpp">
      <Filter>Manager</Filter>
    </ClCompile>
    <ClCompile Include="include\Bullet.cpp">
      <Filter>Bullet</Filter>
    </ClCompile>
    <ClCompile Include="src\BulletManager.cpp">
      <Filter>Manager</Filter>
    </ClCompile>
    <ClCompile Include="src\Item.cpp">
      <Filter>Item</Filter>
    </ClCompile>
    <ClCompile Include="src\ItemManager.cpp">
      <Filter>Manager</Filter>
    </ClCompile>
    <ClCompile Include="src\SelectScene.cpp">
      <Filter>Scene</Filter>
    </ClCompile>
    <ClCompile Include="src\TitleScene.cpp">
      <Filter>Scene</Filter>
    </ClCompile>
    <ClCompile Include="src\SceneManager.cpp">
      <Filter>Scene</Filter>
    </ClCompile>
    <ClCompile Include="src\Fps.cpp">
      <Filter>Fps</Filter>
    </ClCompile>
    <ClCompile Include="src\GameScene.cpp">
      <Filter>Scene</Filter>
    </ClCompile>
    <ClCompile Include="src\BackGround.cpp">
      <Filter>BackGround</Filter>
    </ClCompile>
    <ClCompile Include="src\ShotEnemy.cpp">
      <Filter>Enemy</Filter>
    </ClCompile>
  </ItemGroup>
</Project>